lockfileVersion: '9.0'

settings:
  autoInstallPeers: true
  excludeLinksFromLockfile: false

importers:

  .:
    dependencies:
      marked:
        specifier: ^17.0.1
        version: 17.0.1
      mp-html:
        specifier: ^2.5.1
        version: 2.5.1

packages:

  marked@17.0.1:
    resolution: {integrity: sha512-boeBdiS0ghpWcSwoNm/jJBwdpFaMnZWRzjA6SkUMYb40SVaN1x7mmfGKp0jvexGcx+7y2La5zRZsYFZI6Qpypg==}
    engines: {node: '>= 20'}
    hasBin: true

  mp-html@2.5.1:
    resolution: {integrity: sha512-7BEH8dnQ89kOIyjdoYni8zcc0QAg+lgEWg0n9or9q2D4l26JNG+KPzHfttDyisC/5S7aPBblpXrFTYQv475w/Q==}

snapshots:

  marked@17.0.1: {}

  mp-html@2.5.1: {}
